<?xml version="1.0" encoding="utf-8"?>
<Project ToolsVersion="4.0" xmlns="http://schemas.microsoft.com/developer/msbuild/2003">
  <ItemGroup>
    <ClInclude Include="Client.h">
      <Filter>98.Default</Filter>
    </ClInclude>
    <ClInclude Include="framework.h">
      <Filter>98.Default</Filter>
    </ClInclude>
    <ClInclude Include="Resource.h">
      <Filter>98.Default</Filter>
    </ClInclude>
    <ClInclude Include="targetver.h">
      <Filter>98.Default</Filter>
    </ClInclude>
    <ClInclude Include="..\Public\Client_Defines.h">
      <Filter>99.Defines</Filter>
    </ClInclude>
    <ClInclude Include="..\Public\CMainApp.h">
      <Filter>00.MainApp</Filter>
    </ClInclude>
    <ClInclude Include="..\Public\CLevel_Loading.h">
      <Filter>01.Levels\Loading</Filter>
    </ClInclude>
    <ClInclude Include="..\Public\CLevel_GamePlay.h">
      <Filter>01.Levels\GamePlay</Filter>
    </ClInclude>
    <ClInclude Include="..\Public\CLevel_Logo.h">
      <Filter>01.Levels\Logo</Filter>
    </ClInclude>
    <ClInclude Include="..\Public\CBackGround.h">
      <Filter>02.GameObjects\UI\00.Panel\00.Background</Filter>
    </ClInclude>
    <ClInclude Include="..\Public\CLoader.h">
      <Filter>01.Levels\Loading\Loader</Filter>
    </ClInclude>
    <ClInclude Include="..\Public\CPanel.h">
      <Filter>02.GameObjects\UI\00.Panel</Filter>
    </ClInclude>
    <ClInclude Include="..\Public\CLevelDebugWindow.h">
      <Filter>999.ImguiObject\LevelDebugWindow</Filter>
    </ClInclude>
    <ClInclude Include="..\Public\CObjectDebugWindow.h">
      <Filter>999.ImguiObject\ObjectInspectorWindow</Filter>
    </ClInclude>
    <ClInclude Include="..\Public\CPlayer.h">
      <Filter>02.GameObjects\TestPlayer</Filter>
    </ClInclude>
    <ClInclude Include="..\Public\CFloor.h">
      <Filter>02.GameObjects\Floor</Filter>
    </ClInclude>
    <ClInclude Include="..\Public\CCameraDebugWindow.h">
      <Filter>999.ImguiObject\CameraDebugWindow</Filter>
    </ClInclude>
    <ClInclude Include="..\Public\CLevel_UI.h">
      <Filter>01.Levels\OverlayUI</Filter>
    </ClInclude>
  </ItemGroup>
  <ItemGroup>
    <Image Include="Client.ico">
      <Filter>98.Default</Filter>
    </Image>
    <Image Include="small.ico">
      <Filter>98.Default</Filter>
    </Image>
  </ItemGroup>
  <ItemGroup>
    <Filter Include="00.MainApp">
      <UniqueIdentifier>{f7ad392e-d377-4c33-b633-c98d611803db}</UniqueIdentifier>
    </Filter>
    <Filter Include="98.Default">
      <UniqueIdentifier>{a89887f0-4226-43a8-a01a-f0dd62446745}</UniqueIdentifier>
    </Filter>
    <Filter Include="99.Defines">
      <UniqueIdentifier>{99c6fa45-527e-4360-8251-bb7622a41094}</UniqueIdentifier>
    </Filter>
    <Filter Include="01.Levels">
      <UniqueIdentifier>{64c3e4ed-340e-491e-9f2f-592d6a76f174}</UniqueIdentifier>
    </Filter>
    <Filter Include="01.Levels\GamePlay">
      <UniqueIdentifier>{5c22a0cf-3e92-4977-9bf2-9333bd90cfec}</UniqueIdentifier>
    </Filter>
    <Filter Include="01.Levels\Loading">
      <UniqueIdentifier>{6a9807c5-75e3-4431-a49e-11e4d49b5ba5}</UniqueIdentifier>
    </Filter>
    <Filter Include="01.Levels\Logo">
      <UniqueIdentifier>{41d62cd9-7035-4d17-a5c4-70bb9eff99df}</UniqueIdentifier>
    </Filter>
    <Filter Include="01.Levels\Loading\Loader">
      <UniqueIdentifier>{db198de7-dbcd-45bd-8a12-7a3ca30bec2c}</UniqueIdentifier>
    </Filter>
    <Filter Include="02.GameObjects">
      <UniqueIdentifier>{88ed5311-71b9-4e23-9422-872d7ee15fdf}</UniqueIdentifier>
    </Filter>
    <Filter Include="02.GameObjects\UI">
      <UniqueIdentifier>{230ec975-9e33-4301-b2e7-969ef3a3af24}</UniqueIdentifier>
    </Filter>
    <Filter Include="999.ImguiObject">
      <UniqueIdentifier>{4b9abcc9-35a0-4efe-8359-5030c9ed7b30}</UniqueIdentifier>
    </Filter>
    <Filter Include="999.ImguiObject\LevelDebugWindow">
      <UniqueIdentifier>{da369f4f-14c9-4780-b944-1c2034310401}</UniqueIdentifier>
    </Filter>
    <Filter Include="999.ImguiObject\ObjectInspectorWindow">
      <UniqueIdentifier>{0521ac79-efb1-4686-9806-ccd6c4530c8e}</UniqueIdentifier>
    </Filter>
    <Filter Include="97.ShaderFiles">
      <UniqueIdentifier>{afa75a15-ac7d-49bc-9158-5269fb4239f1}</UniqueIdentifier>
    </Filter>
    <Filter Include="02.GameObjects\UI\00.Panel">
      <UniqueIdentifier>{6a16a4a4-ce59-4cc9-b5b0-61bac0027779}</UniqueIdentifier>
    </Filter>
    <Filter Include="02.GameObjects\UI\00.Panel\00.Background">
      <UniqueIdentifier>{a8a9cb85-f5d9-42bf-9359-4cdd0223099e}</UniqueIdentifier>
    </Filter>
    <Filter Include="02.GameObjects\Floor">
      <UniqueIdentifier>{467ec163-af8f-413a-ade4-db51d15a2b96}</UniqueIdentifier>
    </Filter>
    <Filter Include="02.GameObjects\TestPlayer">
      <UniqueIdentifier>{0bc6481b-f5a7-4dd4-92ed-61f25bc7866a}</UniqueIdentifier>
    </Filter>
    <Filter Include="999.ImguiObject\CameraDebugWindow">
      <UniqueIdentifier>{9022e8c2-dc6a-45af-9c40-56a09d857aa1}</UniqueIdentifier>
    </Filter>
    <Filter Include="01.Levels\OverlayUI">
      <UniqueIdentifier>{3f3f6354-b4d1-4f75-8b52-2b1ab05e3537}</UniqueIdentifier>
    </Filter>
  </ItemGroup>
  <ItemGroup>
    <ClCompile Include="Client.cpp">
      <Filter>98.Default</Filter>
    </ClCompile>
    <ClCompile Include="..\Private\CMainApp.cpp">
      <Filter>00.MainApp</Filter>
    </ClCompile>
    <ClCompile Include="..\Private\CLevel_Loading.cpp">
      <Filter>01.Levels\Loading</Filter>
    </ClCompile>
    <ClCompile Include="..\Private\CLevel_GamePlay.cpp">
      <Filter>01.Levels\GamePlay</Filter>
    </ClCompile>
    <ClCompile Include="..\Private\CLevel_Logo.cpp">
      <Filter>01.Levels\Logo</Filter>
    </ClCompile>
    <ClCompile Include="..\Private\CBackGround.cpp">
      <Filter>02.GameObjects\UI\00.Panel\00.Background</Filter>
    </ClCompile>
    <ClCompile Include="..\Private\CLoader.cpp">
      <Filter>01.Levels\Loading\Loader</Filter>
    </ClCompile>
    <ClCompile Include="..\Private\CLevelDebugWindow.cpp">
      <Filter>999.ImguiObject\LevelDebugWindow</Filter>
    </ClCompile>
    <ClCompile Include="..\Private\CObjectDebugWindow.cpp">
      <Filter>999.ImguiObject\ObjectInspectorWindow</Filter>
    </ClCompile>
    <ClCompile Include="..\Private\CPlayer.cpp">
      <Filter>02.GameObjects\TestPlayer</Filter>
    </ClCompile>
    <ClCompile Include="..\Private\CFloor.cpp">
      <Filter>02.GameObjects\Floor</Filter>
    </ClCompile>
    <ClCompile Include="..\Private\CPanel.cpp">
      <Filter>02.GameObjects\UI\00.Panel</Filter>
    </ClCompile>
    <ClCompile Include="..\Private\CCameraDebugWindow.cpp">
      <Filter>999.ImguiObject\CameraDebugWindow</Filter>
    </ClCompile>
    <ClCompile Include="..\Private\CLevel_UI.cpp">
      <Filter>01.Levels\OverlayUI</Filter>
    </ClCompile>
  </ItemGroup>
  <ItemGroup>
    <ResourceCompile Include="Client.rc">
      <Filter>98.Default</Filter>
    </ResourceCompile>
  </ItemGroup>
  <ItemGroup>
    <FxCompile Include="..\Bin\ShaderFiles\Shader_VtxPosTex.hlsl">
      <Filter>97.ShaderFiles</Filter>
    </FxCompile>
    <FxCompile Include="..\Bin\ShaderFiles\Default.hlsl">
      <Filter>97.ShaderFiles</Filter>
    </FxCompile>
  </ItemGroup>
</Project>