<?xml version="1.0" encoding="utf-8"?>
<Project ToolsVersion="4.0" xmlns="http://schemas.microsoft.com/developer/msbuild/2003">
  <ItemGroup>
    <Filter Include="00.System">
      <UniqueIdentifier>{40a673a2-a47c-4e3a-a739-34f2b256e4b3}</UniqueIdentifier>
    </Filter>
    <Filter Include="01.Utility">
      <UniqueIdentifier>{ab59c743-8e83-4101-8cdc-76d020d174a2}</UniqueIdentifier>
    </Filter>
    <Filter Include="99.Defines">
      <UniqueIdentifier>{7e209bea-4619-405b-bfd4-4096abd70278}</UniqueIdentifier>
    </Filter>
    <Filter Include="00.System\00.Timers">
      <UniqueIdentifier>{4ed145b6-cf08-4769-af45-4f0d702019c5}</UniqueIdentifier>
    </Filter>
    <Filter Include="00.System\00.Timers\Manager">
      <UniqueIdentifier>{36b5dce9-8106-4bcd-b8aa-457c6c11fdf3}</UniqueIdentifier>
    </Filter>
    <Filter Include="01.Utility\00.GameInstance">
      <UniqueIdentifier>{268c2b71-54f1-4480-9e1c-60677eff0638}</UniqueIdentifier>
    </Filter>
    <Filter Include="01.Utility\00.GameInstance\99.SuperClass">
      <UniqueIdentifier>{8479bd61-2ef4-4415-a644-f3f2a32635a7}</UniqueIdentifier>
    </Filter>
    <Filter Include="00.System\01.Device">
      <UniqueIdentifier>{286f5af1-31d9-4e51-9399-1791726b81d4}</UniqueIdentifier>
    </Filter>
    <Filter Include="00.System\00.Timers\Manager\00.Time_Manager">
      <UniqueIdentifier>{9052872d-cfb4-4983-85b0-3ee3ea62c6c1}</UniqueIdentifier>
    </Filter>
    <Filter Include="01.Utility\98.Factory">
      <UniqueIdentifier>{aeb56964-473b-45c2-a870-49694d8f4e58}</UniqueIdentifier>
    </Filter>
    <Filter Include="01.Utility\98.Factory\LevelFactory">
      <UniqueIdentifier>{e1ae56d7-5fa5-4943-a2fb-5974c5cffcf3}</UniqueIdentifier>
    </Filter>
    <Filter Include="02.Prototypes">
      <UniqueIdentifier>{f7a2e79e-c0f5-4be4-9fdc-61cb8688381b}</UniqueIdentifier>
    </Filter>
    <Filter Include="03.GameObject">
      <UniqueIdentifier>{fb7bcb14-f23e-4da7-a545-867bef97885e}</UniqueIdentifier>
    </Filter>
    <Filter Include="03.GameObject\UIObject">
      <UniqueIdentifier>{ce8f90aa-09b4-4ce0-a73f-d9b28d22e1fc}</UniqueIdentifier>
    </Filter>
    <Filter Include="02.Prototypes\Manager">
      <UniqueIdentifier>{9065cf13-2eb0-43d7-b249-8bb62954e8e0}</UniqueIdentifier>
    </Filter>
    <Filter Include="03.GameObject\Manager">
      <UniqueIdentifier>{bdae8019-ce7e-43cd-b0a2-b09aee648e8d}</UniqueIdentifier>
    </Filter>
    <Filter Include="03.GameObject\Manager\Layer">
      <UniqueIdentifier>{f2bbd946-ab71-4185-a459-475c051e7fb5}</UniqueIdentifier>
    </Filter>
    <Filter Include="999.Imgui">
      <UniqueIdentifier>{ff642cc6-33f6-4b23-b823-ec2cb4a91081}</UniqueIdentifier>
    </Filter>
    <Filter Include="999.Imgui\ImguiDefault">
      <UniqueIdentifier>{f800fe24-bb5d-45d4-9c3a-661e32510a1e}</UniqueIdentifier>
    </Filter>
    <Filter Include="999.Imgui\Manager">
      <UniqueIdentifier>{65d3ed44-465a-41f8-b4c6-20634e3b8074}</UniqueIdentifier>
    </Filter>
    <Filter Include="999.Imgui\Objects">
      <UniqueIdentifier>{f73f17df-9b93-4b19-ab4d-181718e3c257}</UniqueIdentifier>
    </Filter>
    <Filter Include="999.Imgui\Objects\CImgui_Base">
      <UniqueIdentifier>{f9e1b2a0-8e24-462c-b2cf-b0e1cdbb31d8}</UniqueIdentifier>
    </Filter>
    <Filter Include="04.Renderer">
      <UniqueIdentifier>{18747b2e-56f4-4530-8a1d-91b7af78611e}</UniqueIdentifier>
    </Filter>
    <Filter Include="05.Component">
      <UniqueIdentifier>{3df1ce7e-699e-493b-8569-a73acb5c7dd2}</UniqueIdentifier>
    </Filter>
    <Filter Include="06.PipeLine">
      <UniqueIdentifier>{32a26077-7181-477a-aa89-7eb2a02029ee}</UniqueIdentifier>
    </Filter>
    <Filter Include="05.Component\Transform">
      <UniqueIdentifier>{21e66bba-704e-4fa5-9634-25f2cd9c3879}</UniqueIdentifier>
    </Filter>
    <Filter Include="05.Component\VIBuffer">
      <UniqueIdentifier>{f995508f-dda4-4798-bf18-a6fe4b5891b1}</UniqueIdentifier>
    </Filter>
    <Filter Include="05.Component\VIBuffer\VIBuffer_Rect">
      <UniqueIdentifier>{820899aa-b41e-4e5c-afd3-d35a4db9403b}</UniqueIdentifier>
    </Filter>
    <Filter Include="999.Imgui\Objects\CImgui_Base\CImgui_Window">
      <UniqueIdentifier>{e64e43da-35d5-4e4d-ab37-7fdfdd4b82ed}</UniqueIdentifier>
    </Filter>
    <Filter Include="999.Imgui\Objects\CImgui_Base\CImgui_Widget">
      <UniqueIdentifier>{a380643d-f01c-4fd3-8918-5db20caaba12}</UniqueIdentifier>
    </Filter>
    <Filter Include="999.Imgui\Objects\CImgui_Base\CImgui_Widget\Button">
      <UniqueIdentifier>{407d0eb3-1213-4666-b6cd-b6db31318def}</UniqueIdentifier>
    </Filter>
    <Filter Include="999.Imgui\Objects\CImgui_Base\CImgui_Widget\Text">
      <UniqueIdentifier>{d5fed461-117a-431a-86dc-2872aa201244}</UniqueIdentifier>
    </Filter>
    <Filter Include="05.Component\Camera">
      <UniqueIdentifier>{8aac56f4-c3e9-4893-b9fc-51efd3f71699}</UniqueIdentifier>
    </Filter>
    <Filter Include="05.Component\Camera\PerpectiveCamera">
      <UniqueIdentifier>{d4bf2bc7-1f71-45d5-8654-5897fadd1dc7}</UniqueIdentifier>
    </Filter>
    <Filter Include="05.Component\Camera\OrthographicCamera">
      <UniqueIdentifier>{520af9a0-b6aa-4190-894c-142a556da639}</UniqueIdentifier>
    </Filter>
    <Filter Include="03.GameObject\CameraObject">
      <UniqueIdentifier>{9326d26b-39ca-43a8-b21f-5cc4e6965e1a}</UniqueIdentifier>
    </Filter>
    <Filter Include="03.GameObject\CameraObject\Perspective">
      <UniqueIdentifier>{c368118f-9a78-44b0-811f-34f3a3751801}</UniqueIdentifier>
    </Filter>
    <Filter Include="03.GameObject\CameraObject\Orthgraphic">
      <UniqueIdentifier>{89bd43b9-9345-48de-9f36-c54b31d29444}</UniqueIdentifier>
    </Filter>
    <Filter Include="03.GameObject\Quad">
      <UniqueIdentifier>{9b0b874c-fd96-4ff1-92f2-b8af780aff00}</UniqueIdentifier>
    </Filter>
    <Filter Include="03.GameObject\CameraObject\Perspective\MainCamera">
      <UniqueIdentifier>{c964d60a-8b97-4d08-8362-84bd079ab79c}</UniqueIdentifier>
    </Filter>
    <Filter Include="03.GameObject\CameraObject\Perspective\FreeCamera">
      <UniqueIdentifier>{11cd7b22-b664-4e22-bf9c-427615f5a286}</UniqueIdentifier>
    </Filter>
    <Filter Include="01.Utility\99.EtcUtils">
      <UniqueIdentifier>{4c109192-e737-480d-bed2-dbc5776ae09b}</UniqueIdentifier>
    </Filter>
    <Filter Include="01.Utility\99.EtcUtils\MathUtil">
      <UniqueIdentifier>{7446648a-89b3-4630-abd7-4a735adb9135}</UniqueIdentifier>
    </Filter>
    <Filter Include="01.Utility\99.EtcUtils\ColorUtil">
      <UniqueIdentifier>{2bcd2bc9-dc1c-4bb5-a345-9e8bfff277b6}</UniqueIdentifier>
    </Filter>
    <Filter Include="999.Imgui\Objects\CImgui_Base\CImgui_Widget\Slider">
      <UniqueIdentifier>{0f780794-a478-40ee-a5d4-4234951bc54d}</UniqueIdentifier>
    </Filter>
    <Filter Include="03.GameObject\CameraObject\Orthgraphic\UICamera">
      <UniqueIdentifier>{0ef1c141-6e29-45b9-a8a0-7278c3f801ac}</UniqueIdentifier>
    </Filter>
    <Filter Include="03.GameObject\CameraObject\Orthgraphic\Minimap">
      <UniqueIdentifier>{bc0aaa41-5ad7-4d30-a699-eec7fa420307}</UniqueIdentifier>
    </Filter>
    <Filter Include="03.GameObject\Quad\ScreenQuad">
      <UniqueIdentifier>{bc36f309-c887-4cca-afb5-f4edd4432e5d}</UniqueIdentifier>
    </Filter>
    <Filter Include="03.GameObject\Quad\MinimapQuad">
      <UniqueIdentifier>{6e94bc0d-666b-4e20-931b-700b88a3314e}</UniqueIdentifier>
    </Filter>
    <Filter Include="00.System\02.Level">
      <UniqueIdentifier>{dfa791a8-13dd-4672-ac36-013d743a847d}</UniqueIdentifier>
    </Filter>
    <Filter Include="00.System\02.Level\Manager">
      <UniqueIdentifier>{d425f67c-b040-4063-8aaf-a61142ca5581}</UniqueIdentifier>
    </Filter>
    <Filter Include="00.System\03.Camera">
      <UniqueIdentifier>{277a74f4-8253-4611-9ce3-89df7fbf8a8a}</UniqueIdentifier>
    </Filter>
    <Filter Include="00.System\04.Input">
      <UniqueIdentifier>{931be7c8-fb84-4035-a606-e145c17a4517}</UniqueIdentifier>
    </Filter>
    <Filter Include="00.System\05.Shader">
      <UniqueIdentifier>{d520339e-b9f5-4372-b9a3-824b730f9c44}</UniqueIdentifier>
    </Filter>
    <Filter Include="00.System\05.Shader\Shader">
      <UniqueIdentifier>{81f12b77-764a-4b41-a9fc-0044c8e060c0}</UniqueIdentifier>
    </Filter>
    <Filter Include="00.System\05.Shader\InputLayout">
      <UniqueIdentifier>{500e3021-be2b-4b62-92d9-e782a4469fd9}</UniqueIdentifier>
    </Filter>
    <Filter Include="00.System\06.ScreenShot">
      <UniqueIdentifier>{cb8eec21-9e17-4e99-ac8a-4b380a3b8bda}</UniqueIdentifier>
    </Filter>
    <Filter Include="00.System\07.RenderState">
      <UniqueIdentifier>{69233a6c-de5a-4ac3-b221-0007a1417fb5}</UniqueIdentifier>
    </Filter>
    <Filter Include="999.Imgui\Objects\CImgui_Base\CImgui_Widget\Checkbox">
      <UniqueIdentifier>{b7cae33f-0f8d-4731-bb5c-7bd79ec83764}</UniqueIdentifier>
    </Filter>
    <Filter Include="03.GameObject\CameraObject\PostProcess">
      <UniqueIdentifier>{88290678-cca7-408e-b83f-acff352ca615}</UniqueIdentifier>
    </Filter>
    <Filter Include="05.Component\VIBuffer\VIBuffer_Terrain">
      <UniqueIdentifier>{94e50676-b5ff-4b50-aee5-d6d22ae36e2c}</UniqueIdentifier>
    </Filter>
    <Filter Include="01.Utility\99.EtcUtils\GraphicUtil">
      <UniqueIdentifier>{a6e48c36-403b-44fd-887d-ba9b6855c0bd}</UniqueIdentifier>
    </Filter>
    <Filter Include="00.System\08.Texture">
      <UniqueIdentifier>{f2082105-9b65-4e8d-869f-2a561e123ccd}</UniqueIdentifier>
    </Filter>
    <Filter Include="01.Utility\99.EtcUtils\VertexData">
      <UniqueIdentifier>{faa96231-47ad-4672-9059-d32ba0a05551}</UniqueIdentifier>
    </Filter>
    <Filter Include="01.Utility\99.EtcUtils\ConstantBuffer">
      <UniqueIdentifier>{87ac1b47-2459-4259-91e6-30bde4ad12b4}</UniqueIdentifier>
    </Filter>
    <Filter Include="00.System\08.Texture\Texture">
      <UniqueIdentifier>{ac5eb3e9-2f7b-4fd2-bd43-b1f649bad776}</UniqueIdentifier>
    </Filter>
    <Filter Include="00.System\09.UI">
      <UniqueIdentifier>{bd257ac0-7c69-473a-9e96-e51af2caf445}</UniqueIdentifier>
    </Filter>
    <Filter Include="05.Component\UI">
      <UniqueIdentifier>{ee8b2c78-04cf-4621-949f-136c5c89996a}</UniqueIdentifier>
    </Filter>
    <Filter Include="999.Imgui\Objects\CImgui_Base\CImgui_Widget\InputText">
      <UniqueIdentifier>{d93851e0-7f79-483b-9bc2-d1d06cb24cb9}</UniqueIdentifier>
    </Filter>
    <Filter Include="05.Component\VIBuffer\VIBuffer_CustomTerrain">
      <UniqueIdentifier>{7b653668-df0b-481d-b398-687fe2499b76}</UniqueIdentifier>
    </Filter>
  </ItemGroup>
  <ItemGroup>
    <ClInclude Include="..\Public\CBase.h">
      <Filter>01.Utility\00.GameInstance\99.SuperClass</Filter>
    </ClInclude>
    <ClInclude Include="..\Public\Engine_Define.h">
      <Filter>99.Defines</Filter>
    </ClInclude>
    <ClInclude Include="..\Public\Engine_Enum.h">
      <Filter>99.Defines</Filter>
    </ClInclude>
    <ClInclude Include="..\Public\Engine_Function.h">
      <Filter>99.Defines</Filter>
    </ClInclude>
    <ClInclude Include="..\Public\Engine_Macro.h">
      <Filter>99.Defines</Filter>
    </ClInclude>
    <ClInclude Include="..\Public\Engine_Struct.h">
      <Filter>99.Defines</Filter>
    </ClInclude>
    <ClInclude Include="..\Public\Engine_Typedef.h">
      <Filter>99.Defines</Filter>
    </ClInclude>
    <ClInclude Include="..\Public\CTimer.h">
      <Filter>00.System\00.Timers</Filter>
    </ClInclude>
    <ClInclude Include="..\Public\CGameInstance.h">
      <Filter>01.Utility\00.GameInstance</Filter>
    </ClInclude>
    <ClInclude Include="..\Public\CGraphic_Device.h">
      <Filter>00.System\01.Device</Filter>
    </ClInclude>
    <ClInclude Include="..\Public\imconfig.h">
      <Filter>999.Imgui\ImguiDefault</Filter>
    </ClInclude>
    <ClInclude Include="..\Public\imgui.h">
      <Filter>999.Imgui\ImguiDefault</Filter>
    </ClInclude>
    <ClInclude Include="..\Public\imgui_impl_dx11.h">
      <Filter>999.Imgui\ImguiDefault</Filter>
    </ClInclude>
    <ClInclude Include="..\Public\imgui_impl_win32.h">
      <Filter>999.Imgui\ImguiDefault</Filter>
    </ClInclude>
    <ClInclude Include="..\Public\imgui_internal.h">
      <Filter>999.Imgui\ImguiDefault</Filter>
    </ClInclude>
    <ClInclude Include="..\Public\imstb_rectpack.h">
      <Filter>999.Imgui\ImguiDefault</Filter>
    </ClInclude>
    <ClInclude Include="..\Public\imstb_textedit.h">
      <Filter>999.Imgui\ImguiDefault</Filter>
    </ClInclude>
    <ClInclude Include="..\Public\imstb_truetype.h">
      <Filter>999.Imgui\ImguiDefault</Filter>
    </ClInclude>
    <ClInclude Include="..\Public\CTimer_Manager.h">
      <Filter>00.System\00.Timers\Manager\00.Time_Manager</Filter>
    </ClInclude>
    <ClInclude Include="..\Public\CImGui_Manager.h">
      <Filter>999.Imgui\Manager</Filter>
    </ClInclude>
    <ClInclude Include="..\Public\CLevel_Manager.h">
      <Filter>00.System\02.Level\Manager</Filter>
    </ClInclude>
    <ClInclude Include="..\Public\CLevelFactroy.h">
      <Filter>01.Utility\98.Factory\LevelFactory</Filter>
    </ClInclude>
    <ClInclude Include="..\Public\Engine_LevelTypes.h">
      <Filter>99.Defines</Filter>
    </ClInclude>
    <ClInclude Include="..\Public\CGameObject.h">
      <Filter>03.GameObject</Filter>
    </ClInclude>
    <ClInclude Include="..\Public\CLevel.h">
      <Filter>00.System\02.Level</Filter>
    </ClInclude>
    <ClInclude Include="..\Public\CUI.h">
      <Filter>03.GameObject\UIObject</Filter>
    </ClInclude>
    <ClInclude Include="..\Public\CPrototype_Manager.h">
      <Filter>02.Prototypes\Manager</Filter>
    </ClInclude>
    <ClInclude Include="..\Public\CObject_Manager.h">
      <Filter>03.GameObject\Manager</Filter>
    </ClInclude>
    <ClInclude Include="..\Public\CLayer.h">
      <Filter>03.GameObject\Manager\Layer</Filter>
    </ClInclude>
    <ClInclude Include="..\Public\CImgui_Base.h">
      <Filter>999.Imgui\Objects\CImgui_Base</Filter>
    </ClInclude>
    <ClInclude Include="..\Public\CImgui_Window.h">
      <Filter>999.Imgui\Objects\CImgui_Base\CImgui_Window</Filter>
    </ClInclude>
    <ClInclude Include="..\Public\CRenderer.h">
      <Filter>04.Renderer</Filter>
    </ClInclude>
    <ClInclude Include="..\Public\CComponent.h">
      <Filter>05.Component</Filter>
    </ClInclude>
    <ClInclude Include="..\Public\CConstantBuffer.h">
      <Filter>01.Utility\99.EtcUtils\ConstantBuffer</Filter>
    </ClInclude>
    <ClInclude Include="..\Public\CTransform.h">
      <Filter>05.Component\Transform</Filter>
    </ClInclude>
    <ClInclude Include="..\Public\CVIBuffer.h">
      <Filter>05.Component\VIBuffer</Filter>
    </ClInclude>
    <ClInclude Include="..\Public\CVIBuffer_Rect.h">
      <Filter>05.Component\VIBuffer\VIBuffer_Rect</Filter>
    </ClInclude>
    <ClInclude Include="..\Public\imgui_spectrum.h">
      <Filter>999.Imgui\ImguiDefault</Filter>
    </ClInclude>
    <ClInclude Include="..\Public\CImgui_Widget.h">
      <Filter>999.Imgui\Objects\CImgui_Base\CImgui_Widget</Filter>
    </ClInclude>
    <ClInclude Include="..\Public\CImgui_Button.h">
      <Filter>999.Imgui\Objects\CImgui_Base\CImgui_Widget\Button</Filter>
    </ClInclude>
    <ClInclude Include="..\Public\CImgui_Text.h">
      <Filter>999.Imgui\Objects\CImgui_Base\CImgui_Widget\Text</Filter>
    </ClInclude>
    <ClInclude Include="..\Public\CShader.h">
      <Filter>00.System\05.Shader\Shader</Filter>
    </ClInclude>
    <ClInclude Include="..\Public\CCameraComponent.h">
      <Filter>05.Component\Camera</Filter>
    </ClInclude>
    <ClInclude Include="..\Public\CCamera_Manager.h">
      <Filter>00.System\03.Camera</Filter>
    </ClInclude>
    <ClInclude Include="..\Public\CPerspectiveCameraComponent.h">
      <Filter>05.Component\Camera\PerpectiveCamera</Filter>
    </ClInclude>
    <ClInclude Include="..\Public\COrthographicCameraComponent.h">
      <Filter>05.Component\Camera\OrthographicCamera</Filter>
    </ClInclude>
    <ClInclude Include="..\Public\CQuad.h">
      <Filter>03.GameObject\Quad</Filter>
    </ClInclude>
    <ClInclude Include="..\Public\CFreeCamera.h">
      <Filter>03.GameObject\CameraObject\Perspective\FreeCamera</Filter>
    </ClInclude>
    <ClInclude Include="..\Public\MathUtils.h">
      <Filter>01.Utility\99.EtcUtils\MathUtil</Filter>
    </ClInclude>
    <ClInclude Include="..\Public\ColorUtils.h">
      <Filter>01.Utility\99.EtcUtils\ColorUtil</Filter>
    </ClInclude>
    <ClInclude Include="..\Public\CInput_Manager.h">
      <Filter>00.System\04.Input</Filter>
    </ClInclude>
    <ClInclude Include="..\Public\CShader_Manager.h">
      <Filter>00.System\05.Shader</Filter>
    </ClInclude>
    <ClInclude Include="..\Public\CInputLayout.h">
      <Filter>00.System\05.Shader\InputLayout</Filter>
    </ClInclude>
    <ClInclude Include="..\Public\CImgui_Slider.h">
      <Filter>999.Imgui\Objects\CImgui_Base\CImgui_Widget\Slider</Filter>
    </ClInclude>
    <ClInclude Include="..\Public\CScreenQuad.h">
      <Filter>03.GameObject\Quad\ScreenQuad</Filter>
    </ClInclude>
    <ClInclude Include="..\Public\CScreenShot_Manager.h">
      <Filter>00.System\06.ScreenShot</Filter>
    </ClInclude>
    <ClInclude Include="..\Public\CCamera_Base.h">
      <Filter>03.GameObject\CameraObject</Filter>
    </ClInclude>
    <ClInclude Include="..\Public\CMainCamera.h">
      <Filter>03.GameObject\CameraObject\Perspective\MainCamera</Filter>
    </ClInclude>
    <ClInclude Include="..\Public\CUICamera.h">
      <Filter>03.GameObject\CameraObject\Orthgraphic\UICamera</Filter>
    </ClInclude>
    <ClInclude Include="..\Public\CMinimapCamera.h">
      <Filter>03.GameObject\CameraObject\Orthgraphic\Minimap</Filter>
    </ClInclude>
    <ClInclude Include="..\Public\CMinimapQuad.h">
      <Filter>03.GameObject\Quad\MinimapQuad</Filter>
    </ClInclude>
    <ClInclude Include="..\Public\CRenderState_Manager.h">
      <Filter>00.System\07.RenderState</Filter>
    </ClInclude>
    <ClInclude Include="..\Public\CImgui_Checkbox.h">
      <Filter>999.Imgui\Objects\CImgui_Base\CImgui_Widget\Checkbox</Filter>
    </ClInclude>
    <ClInclude Include="..\Public\CPostProcessCamera.h">
      <Filter>03.GameObject\CameraObject\PostProcess</Filter>
    </ClInclude>
    <ClInclude Include="..\Public\CVIBuffer_Terrain.h">
      <Filter>05.Component\VIBuffer\VIBuffer_Terrain</Filter>
    </ClInclude>
    <ClInclude Include="..\Public\GraphicUtil.h">
      <Filter>01.Utility\99.EtcUtils\GraphicUtil</Filter>
    </ClInclude>
    <ClInclude Include="..\Public\VertexData.h">
      <Filter>01.Utility\99.EtcUtils</Filter>
    </ClInclude>
    <ClInclude Include="..\Public\CTexture_Manager.h">
      <Filter>00.System\08.Texture</Filter>
    </ClInclude>
    <ClInclude Include="..\Public\CTexture.h">
      <Filter>00.System\08.Texture\Texture</Filter>
    </ClInclude>
    <ClInclude Include="..\Public\CUI_Manager.h">
      <Filter>00.System\09.UI</Filter>
    </ClInclude>
    <ClInclude Include="..\Public\CImgui_InputText.h">
      <Filter>999.Imgui\Objects\CImgui_Base\CImgui_Widget\InputText</Filter>
    </ClInclude>
    <ClInclude Include="..\Public\CUIComponent.h">
      <Filter>05.Component\UI</Filter>
    </ClInclude>
    <ClInclude Include="..\Public\CPipeLine.h">
      <Filter>06.PipeLine</Filter>
    </ClInclude>
    <ClInclude Include="..\Public\CVIBuffer_CustomTerrain.h">
      <Filter>05.Component\VIBuffer\VIBuffer_CustomTerrain</Filter>
    </ClInclude>
  </ItemGroup>
  <ItemGroup>
    <ClCompile Include="..\Private\CBase.cpp">
      <Filter>01.Utility\00.GameInstance\99.SuperClass</Filter>
    </ClCompile>
    <ClCompile Include="..\Private\CTimer.cpp">
      <Filter>00.System\00.Timers</Filter>
    </ClCompile>
    <ClCompile Include="..\Private\CGameInstance.cpp">
      <Filter>01.Utility\00.GameInstance</Filter>
    </ClCompile>
    <ClCompile Include="..\Private\CGraphic_Device.cpp">
      <Filter>00.System\01.Device</Filter>
    </ClCompile>
    <ClCompile Include="..\Private\imgui_demo.cpp">
      <Filter>999.Imgui\ImguiDefault</Filter>
    </ClCompile>
    <ClCompile Include="..\Private\imgui_draw.cpp">
      <Filter>999.Imgui\ImguiDefault</Filter>
    </ClCompile>
    <ClCompile Include="..\Private\imgui_impl_dx11.cpp">
      <Filter>999.Imgui\ImguiDefault</Filter>
    </ClCompile>
    <ClCompile Include="..\Private\imgui_impl_win32.cpp">
      <Filter>999.Imgui\ImguiDefault</Filter>
    </ClCompile>
    <ClCompile Include="..\Private\imgui_tables.cpp">
      <Filter>999.Imgui\ImguiDefault</Filter>
    </ClCompile>
    <ClCompile Include="..\Private\imgui_widgets.cpp">
      <Filter>999.Imgui\ImguiDefault</Filter>
    </ClCompile>
    <ClCompile Include="..\Private\CImGui_Manager.cpp">
      <Filter>999.Imgui\Manager</Filter>
    </ClCompile>
    <ClCompile Include="..\Private\imgui.cpp">
      <Filter>999.Imgui\ImguiDefault</Filter>
    </ClCompile>
    <ClCompile Include="..\Private\CLevel_Manager.cpp">
      <Filter>00.System\02.Level\Manager</Filter>
    </ClCompile>
    <ClCompile Include="..\Private\CLevelFactroy.cpp">
      <Filter>01.Utility\98.Factory\LevelFactory</Filter>
    </ClCompile>
    <ClCompile Include="..\Private\CGameObject.cpp">
      <Filter>03.GameObject</Filter>
    </ClCompile>
    <ClCompile Include="..\Private\CLevel.cpp">
      <Filter>00.System\02.Level</Filter>
    </ClCompile>
    <ClCompile Include="..\Private\CUI.cpp">
      <Filter>03.GameObject\UIObject</Filter>
    </ClCompile>
    <ClCompile Include="..\Private\CPrototype_Manager.cpp">
      <Filter>02.Prototypes\Manager</Filter>
    </ClCompile>
    <ClCompile Include="..\Private\CObject_Manager.cpp">
      <Filter>03.GameObject\Manager</Filter>
    </ClCompile>
    <ClCompile Include="..\Private\CLayer.cpp">
      <Filter>03.GameObject\Manager\Layer</Filter>
    </ClCompile>
    <ClCompile Include="..\Private\CTimer_Manager.cpp">
      <Filter>00.System\00.Timers\Manager\00.Time_Manager</Filter>
    </ClCompile>
    <ClCompile Include="..\Private\CImgui_Base.cpp">
      <Filter>999.Imgui\Objects\CImgui_Base</Filter>
    </ClCompile>
    <ClCompile Include="..\Private\CImgui_Window.cpp">
      <Filter>999.Imgui\Objects\CImgui_Base\CImgui_Window</Filter>
    </ClCompile>
    <ClCompile Include="..\Private\CRenderer.cpp">
      <Filter>04.Renderer</Filter>
    </ClCompile>
    <ClCompile Include="..\Private\CComponent.cpp">
      <Filter>05.Component</Filter>
    </ClCompile>
    <ClCompile Include="..\Private\CConstantBuffer.cpp">
      <Filter>01.Utility\99.EtcUtils\ConstantBuffer</Filter>
    </ClCompile>
    <ClCompile Include="..\..\Libraries\Include\SimpleMath\SimpleMath.cpp">
      <Filter>01.Utility</Filter>
    </ClCompile>
    <ClCompile Include="..\Private\CTransform.cpp">
      <Filter>05.Component\Transform</Filter>
    </ClCompile>
    <ClCompile Include="..\Private\CVIBuffer.cpp">
      <Filter>05.Component\VIBuffer</Filter>
    </ClCompile>
    <ClCompile Include="..\Private\CVIBuffer_Rect.cpp">
      <Filter>05.Component\VIBuffer\VIBuffer_Rect</Filter>
    </ClCompile>
    <ClCompile Include="..\Private\CImgui_Widget.cpp">
      <Filter>999.Imgui\Objects\CImgui_Base\CImgui_Widget</Filter>
    </ClCompile>
    <ClCompile Include="..\Private\CImgui_Button.cpp">
      <Filter>999.Imgui\Objects\CImgui_Base\CImgui_Widget\Button</Filter>
    </ClCompile>
    <ClCompile Include="..\Private\CImgui_Text.cpp">
      <Filter>999.Imgui\Objects\CImgui_Base\CImgui_Widget\Text</Filter>
    </ClCompile>
    <ClCompile Include="..\Private\CShader.cpp">
      <Filter>00.System\05.Shader\Shader</Filter>
    </ClCompile>
    <ClCompile Include="..\Private\CCameraComponent.cpp">
      <Filter>05.Component\Camera</Filter>
    </ClCompile>
    <ClCompile Include="..\Private\CCamera_Manager.cpp">
      <Filter>00.System\03.Camera</Filter>
    </ClCompile>
    <ClCompile Include="..\Private\CPerspectiveCameraComponent.cpp">
      <Filter>05.Component\Camera\PerpectiveCamera</Filter>
    </ClCompile>
    <ClCompile Include="..\Private\COrthographicCameraComponent.cpp">
      <Filter>05.Component\Camera\OrthographicCamera</Filter>
    </ClCompile>
    <ClCompile Include="..\Private\CQuad.cpp">
      <Filter>03.GameObject\Quad</Filter>
    </ClCompile>
    <ClCompile Include="..\Private\CMainCamera.cpp">
      <Filter>03.GameObject\CameraObject\Perspective\MainCamera</Filter>
    </ClCompile>
    <ClCompile Include="..\Private\CInput_Manager.cpp">
      <Filter>00.System\04.Input</Filter>
    </ClCompile>
    <ClCompile Include="..\Private\CShader_Manager.cpp">
      <Filter>00.System\05.Shader</Filter>
    </ClCompile>
    <ClCompile Include="..\Private\CInputLayout.cpp">
      <Filter>00.System\05.Shader\InputLayout</Filter>
    </ClCompile>
    <ClCompile Include="..\Private\CImgui_Slider.cpp">
      <Filter>999.Imgui\Objects\CImgui_Base\CImgui_Widget\Slider</Filter>
    </ClCompile>
    <ClCompile Include="..\Private\CScreenQuad.cpp">
      <Filter>03.GameObject\Quad\ScreenQuad</Filter>
    </ClCompile>
    <ClCompile Include="..\Private\CScreenShot_Manager.cpp">
      <Filter>00.System\06.ScreenShot</Filter>
    </ClCompile>
    <ClCompile Include="..\Private\CCamera_Base.cpp">
      <Filter>03.GameObject\CameraObject</Filter>
    </ClCompile>
    <ClCompile Include="..\Private\CUICamera.cpp">
      <Filter>03.GameObject\CameraObject\Orthgraphic\UICamera</Filter>
    </ClCompile>
    <ClCompile Include="..\Private\CMinimapCamera.cpp">
      <Filter>03.GameObject\CameraObject\Orthgraphic\Minimap</Filter>
    </ClCompile>
    <ClCompile Include="..\Private\CFreeCamera.cpp">
      <Filter>03.GameObject\CameraObject\Perspective\FreeCamera</Filter>
    </ClCompile>
    <ClCompile Include="..\Private\CMinimapQuad.cpp">
      <Filter>03.GameObject\Quad\MinimapQuad</Filter>
    </ClCompile>
    <ClCompile Include="..\Private\CRenderState_Manager.cpp">
      <Filter>00.System\07.RenderState</Filter>
    </ClCompile>
    <ClCompile Include="..\Private\CImgui_Checkbox.cpp">
      <Filter>999.Imgui\Objects\CImgui_Base\CImgui_Widget\Checkbox</Filter>
    </ClCompile>
    <ClCompile Include="..\Private\CPostProcessCamera.cpp">
      <Filter>03.GameObject\CameraObject\PostProcess</Filter>
    </ClCompile>
    <ClCompile Include="..\Private\CVIBuffer_Terrain.cpp">
      <Filter>05.Component\VIBuffer\VIBuffer_Terrain</Filter>
    </ClCompile>
    <ClCompile Include="..\Public\VertexData.cpp">
      <Filter>01.Utility\99.EtcUtils</Filter>
    </ClCompile>
    <ClCompile Include="..\Private\CTexture_Manager.cpp">
      <Filter>00.System\08.Texture</Filter>
    </ClCompile>
    <ClCompile Include="..\Private\CTexture.cpp">
      <Filter>00.System\08.Texture\Texture</Filter>
    </ClCompile>
    <ClCompile Include="..\Private\CUI_Manager.cpp">
      <Filter>00.System\09.UI</Filter>
    </ClCompile>
    <ClCompile Include="..\Private\CImgui_InputText.cpp">
      <Filter>999.Imgui\Objects\CImgui_Base\CImgui_Widget\InputText</Filter>
    </ClCompile>
    <ClCompile Include="..\Private\CUIComponent.cpp">
      <Filter>05.Component\UI</Filter>
    </ClCompile>
    <ClCompile Include="..\Private\CPipeLine.cpp">
      <Filter>06.PipeLine</Filter>
    </ClCompile>
    <ClCompile Include="..\Private\CVIBuffer_CustomTerrain.cpp">
      <Filter>05.Component\VIBuffer\VIBuffer_CustomTerrain</Filter>
    </ClCompile>
  </ItemGroup>
</Project>