<?xml version="1.0" encoding="utf-8"?>
<Project ToolsVersion="4.0" xmlns="http://schemas.microsoft.com/developer/msbuild/2003">
  <ItemGroup>
    <Filter Include="00.System">
      <UniqueIdentifier>{40a673a2-a47c-4e3a-a739-34f2b256e4b3}</UniqueIdentifier>
    </Filter>
    <Filter Include="01.Utility">
      <UniqueIdentifier>{ab59c743-8e83-4101-8cdc-76d020d174a2}</UniqueIdentifier>
    </Filter>
    <Filter Include="99.Defines">
      <UniqueIdentifier>{7e209bea-4619-405b-bfd4-4096abd70278}</UniqueIdentifier>
    </Filter>
    <Filter Include="00.System\00.Timers">
      <UniqueIdentifier>{4ed145b6-cf08-4769-af45-4f0d702019c5}</UniqueIdentifier>
    </Filter>
    <Filter Include="00.System\00.Timers\Manager">
      <UniqueIdentifier>{36b5dce9-8106-4bcd-b8aa-457c6c11fdf3}</UniqueIdentifier>
    </Filter>
    <Filter Include="01.Utility\00.GameInstance">
      <UniqueIdentifier>{268c2b71-54f1-4480-9e1c-60677eff0638}</UniqueIdentifier>
    </Filter>
    <Filter Include="01.Utility\00.GameInstance\99.SuperClass">
      <UniqueIdentifier>{8479bd61-2ef4-4415-a644-f3f2a32635a7}</UniqueIdentifier>
    </Filter>
    <Filter Include="00.System\01.Device">
      <UniqueIdentifier>{286f5af1-31d9-4e51-9399-1791726b81d4}</UniqueIdentifier>
    </Filter>
    <Filter Include="01.Utility\99.Imgui">
      <UniqueIdentifier>{f800fe24-bb5d-45d4-9c3a-661e32510a1e}</UniqueIdentifier>
    </Filter>
    <Filter Include="00.System\00.Timers\Manager\00.Time_Manager">
      <UniqueIdentifier>{9052872d-cfb4-4983-85b0-3ee3ea62c6c1}</UniqueIdentifier>
    </Filter>
    <Filter Include="00.System\00.Timers\Manager\01.ImGuI_Manager">
      <UniqueIdentifier>{65d3ed44-465a-41f8-b4c6-20634e3b8074}</UniqueIdentifier>
    </Filter>
    <Filter Include="01.Utility\01.Level">
      <UniqueIdentifier>{dfa791a8-13dd-4672-ac36-013d743a847d}</UniqueIdentifier>
    </Filter>
    <Filter Include="01.Utility\01.Level\Manager">
      <UniqueIdentifier>{d425f67c-b040-4063-8aaf-a61142ca5581}</UniqueIdentifier>
    </Filter>
    <Filter Include="01.Utility\98.Factory">
      <UniqueIdentifier>{aeb56964-473b-45c2-a870-49694d8f4e58}</UniqueIdentifier>
    </Filter>
    <Filter Include="01.Utility\98.Factory\LevelFactory">
      <UniqueIdentifier>{e1ae56d7-5fa5-4943-a2fb-5974c5cffcf3}</UniqueIdentifier>
    </Filter>
  </ItemGroup>
  <ItemGroup>
    <ClInclude Include="..\Public\CBase.h">
      <Filter>01.Utility\00.GameInstance\99.SuperClass</Filter>
    </ClInclude>
    <ClInclude Include="..\Public\Engine_Define.h">
      <Filter>99.Defines</Filter>
    </ClInclude>
    <ClInclude Include="..\Public\Engine_Enum.h">
      <Filter>99.Defines</Filter>
    </ClInclude>
    <ClInclude Include="..\Public\Engine_Function.h">
      <Filter>99.Defines</Filter>
    </ClInclude>
    <ClInclude Include="..\Public\Engine_Macro.h">
      <Filter>99.Defines</Filter>
    </ClInclude>
    <ClInclude Include="..\Public\Engine_Struct.h">
      <Filter>99.Defines</Filter>
    </ClInclude>
    <ClInclude Include="..\Public\Engine_Typedef.h">
      <Filter>99.Defines</Filter>
    </ClInclude>
    <ClInclude Include="..\Public\CTimer.h">
      <Filter>00.System\00.Timers</Filter>
    </ClInclude>
    <ClInclude Include="..\Public\CGameInstance.h">
      <Filter>01.Utility\00.GameInstance</Filter>
    </ClInclude>
    <ClInclude Include="..\Public\CGraphic_Device.h">
      <Filter>00.System\01.Device</Filter>
    </ClInclude>
    <ClInclude Include="..\Public\imconfig.h">
      <Filter>01.Utility\99.Imgui</Filter>
    </ClInclude>
    <ClInclude Include="..\Public\imgui.h">
      <Filter>01.Utility\99.Imgui</Filter>
    </ClInclude>
    <ClInclude Include="..\Public\imgui_impl_dx11.h">
      <Filter>01.Utility\99.Imgui</Filter>
    </ClInclude>
    <ClInclude Include="..\Public\imgui_impl_win32.h">
      <Filter>01.Utility\99.Imgui</Filter>
    </ClInclude>
    <ClInclude Include="..\Public\imgui_internal.h">
      <Filter>01.Utility\99.Imgui</Filter>
    </ClInclude>
    <ClInclude Include="..\Public\imstb_rectpack.h">
      <Filter>01.Utility\99.Imgui</Filter>
    </ClInclude>
    <ClInclude Include="..\Public\imstb_textedit.h">
      <Filter>01.Utility\99.Imgui</Filter>
    </ClInclude>
    <ClInclude Include="..\Public\imstb_truetype.h">
      <Filter>01.Utility\99.Imgui</Filter>
    </ClInclude>
    <ClInclude Include="..\Public\CTimer_Manager.h">
      <Filter>00.System\00.Timers\Manager\00.Time_Manager</Filter>
    </ClInclude>
    <ClInclude Include="..\Public\CImGui_Manager.h">
      <Filter>00.System\00.Timers\Manager\01.ImGuI_Manager</Filter>
    </ClInclude>
    <ClInclude Include="..\Public\CLevel_Manager.h">
      <Filter>01.Utility\01.Level\Manager</Filter>
    </ClInclude>
    <ClInclude Include="..\Public\CLevel.h" />
    <ClInclude Include="..\Public\CLevelFactroy.h">
      <Filter>01.Utility\98.Factory\LevelFactory</Filter>
    </ClInclude>
    <ClInclude Include="..\Public\Engine_LevelTypes.h">
      <Filter>99.Defines</Filter>
    </ClInclude>
  </ItemGroup>
  <ItemGroup>
    <ClCompile Include="..\Private\CBase.cpp">
      <Filter>01.Utility\00.GameInstance\99.SuperClass</Filter>
    </ClCompile>
    <ClCompile Include="..\Private\CTimer.cpp">
      <Filter>00.System\00.Timers</Filter>
    </ClCompile>
    <ClCompile Include="..\Private\CTimer_Manager.cpp">
      <Filter>00.System\00.Timers\Manager</Filter>
    </ClCompile>
    <ClCompile Include="..\Private\CGameInstance.cpp">
      <Filter>01.Utility\00.GameInstance</Filter>
    </ClCompile>
    <ClCompile Include="..\Private\CGraphic_Device.cpp">
      <Filter>00.System\01.Device</Filter>
    </ClCompile>
    <ClCompile Include="..\Private\imgui_demo.cpp">
      <Filter>01.Utility\99.Imgui</Filter>
    </ClCompile>
    <ClCompile Include="..\Private\imgui_draw.cpp">
      <Filter>01.Utility\99.Imgui</Filter>
    </ClCompile>
    <ClCompile Include="..\Private\imgui_impl_dx11.cpp">
      <Filter>01.Utility\99.Imgui</Filter>
    </ClCompile>
    <ClCompile Include="..\Private\imgui_impl_win32.cpp">
      <Filter>01.Utility\99.Imgui</Filter>
    </ClCompile>
    <ClCompile Include="..\Private\imgui_tables.cpp">
      <Filter>01.Utility\99.Imgui</Filter>
    </ClCompile>
    <ClCompile Include="..\Private\imgui_widgets.cpp">
      <Filter>01.Utility\99.Imgui</Filter>
    </ClCompile>
    <ClCompile Include="..\Private\CImGui_Manager.cpp">
      <Filter>00.System\00.Timers\Manager\01.ImGuI_Manager</Filter>
    </ClCompile>
    <ClCompile Include="..\Private\imgui.cpp">
      <Filter>01.Utility\99.Imgui</Filter>
    </ClCompile>
    <ClCompile Include="..\Private\CLevel_Manager.cpp">
      <Filter>01.Utility\01.Level\Manager</Filter>
    </ClCompile>
    <ClCompile Include="..\Private\CLevel.cpp" />
    <ClCompile Include="..\Private\CLevelFactroy.cpp">
      <Filter>01.Utility\98.Factory\LevelFactory</Filter>
    </ClCompile>
  </ItemGroup>
</Project>