<?xml version="1.0" encoding="utf-8"?>
<Project ToolsVersion="4.0" xmlns="http://schemas.microsoft.com/developer/msbuild/2003">
  <ItemGroup>
    <Filter Include="00.System">
      <UniqueIdentifier>{40a673a2-a47c-4e3a-a739-34f2b256e4b3}</UniqueIdentifier>
    </Filter>
    <Filter Include="01.Utility">
      <UniqueIdentifier>{ab59c743-8e83-4101-8cdc-76d020d174a2}</UniqueIdentifier>
    </Filter>
    <Filter Include="99.Defines">
      <UniqueIdentifier>{7e209bea-4619-405b-bfd4-4096abd70278}</UniqueIdentifier>
    </Filter>
    <Filter Include="00.System\00.Timers">
      <UniqueIdentifier>{4ed145b6-cf08-4769-af45-4f0d702019c5}</UniqueIdentifier>
    </Filter>
    <Filter Include="00.System\00.Timers\Manager">
      <UniqueIdentifier>{36b5dce9-8106-4bcd-b8aa-457c6c11fdf3}</UniqueIdentifier>
    </Filter>
    <Filter Include="01.Utility\00.GameInstance">
      <UniqueIdentifier>{268c2b71-54f1-4480-9e1c-60677eff0638}</UniqueIdentifier>
    </Filter>
    <Filter Include="01.Utility\00.GameInstance\99.SuperClass">
      <UniqueIdentifier>{8479bd61-2ef4-4415-a644-f3f2a32635a7}</UniqueIdentifier>
    </Filter>
    <Filter Include="00.System\01.Device">
      <UniqueIdentifier>{286f5af1-31d9-4e51-9399-1791726b81d4}</UniqueIdentifier>
    </Filter>
    <Filter Include="01.Utility\01.Level">
      <UniqueIdentifier>{dfa791a8-13dd-4672-ac36-013d743a847d}</UniqueIdentifier>
    </Filter>
    <Filter Include="01.Utility\01.Level\Manager">
      <UniqueIdentifier>{d425f67c-b040-4063-8aaf-a61142ca5581}</UniqueIdentifier>
    </Filter>
  </ItemGroup>
  <ItemGroup>
    <ClInclude Include="..\Public\CBase.h">
      <Filter>01.Utility\00.GameInstance\99.SuperClass</Filter>
    </ClInclude>
    <ClInclude Include="..\Public\Engine_Define.h">
      <Filter>99.Defines</Filter>
    </ClInclude>
    <ClInclude Include="..\Public\Engine_Enum.h">
      <Filter>99.Defines</Filter>
    </ClInclude>
    <ClInclude Include="..\Public\Engine_Function.h">
      <Filter>99.Defines</Filter>
    </ClInclude>
    <ClInclude Include="..\Public\Engine_Macro.h">
      <Filter>99.Defines</Filter>
    </ClInclude>
    <ClInclude Include="..\Public\Engine_Struct.h">
      <Filter>99.Defines</Filter>
    </ClInclude>
    <ClInclude Include="..\Public\Engine_Typedef.h">
      <Filter>99.Defines</Filter>
    </ClInclude>
    <ClInclude Include="..\Public\CTimer.h">
      <Filter>00.System\00.Timers</Filter>
    </ClInclude>
    <ClInclude Include="..\Public\CTimer_Manager.h">
      <Filter>00.System\00.Timers\Manager</Filter>
    </ClInclude>
    <ClInclude Include="..\Public\CGameInstance.h">
      <Filter>01.Utility\00.GameInstance</Filter>
    </ClInclude>
    <ClInclude Include="..\Public\CGraphic_Device.h">
      <Filter>00.System\01.Device</Filter>
    </ClInclude>
    <ClInclude Include="..\Public\CLevel_Manager.h">
      <Filter>01.Utility\01.Level\Manager</Filter>
    </ClInclude>
    <ClInclude Include="..\Public\CLevel.h" />
  </ItemGroup>
  <ItemGroup>
    <ClCompile Include="..\Private\CBase.cpp">
      <Filter>01.Utility\00.GameInstance\99.SuperClass</Filter>
    </ClCompile>
    <ClCompile Include="..\Private\CTimer.cpp">
      <Filter>00.System\00.Timers</Filter>
    </ClCompile>
    <ClCompile Include="..\Private\CTimer_Manager.cpp">
      <Filter>00.System\00.Timers\Manager</Filter>
    </ClCompile>
    <ClCompile Include="..\Private\CGameInstance.cpp">
      <Filter>01.Utility\00.GameInstance</Filter>
    </ClCompile>
    <ClCompile Include="..\Private\CGraphic_Device.cpp">
      <Filter>00.System\01.Device</Filter>
    </ClCompile>
    <ClCompile Include="..\Private\CLevel_Manager.cpp">
      <Filter>01.Utility\01.Level\Manager</Filter>
    </ClCompile>
    <ClCompile Include="..\Private\CLevel.cpp" />
  </ItemGroup>
</Project>